// !$*UTF8*$!
{
	archiveVersion = 1;
	classes = {
	};
	objectVersion = 46;
	objects = {

/* Begin PBXBuildFile section */
		770A63231B68D0BB001D7987 /* InterfaceController.swift in Sources */ = {isa = PBXBuildFile; fileRef = 770A63221B68D0BB001D7987 /* InterfaceController.swift */; };
		770A63251B68D0BB001D7987 /* Images.xcassets in Resources */ = {isa = PBXBuildFile; fileRef = 770A63241B68D0BB001D7987 /* Images.xcassets */; };
		770A63291B68D0BB001D7987 /* Heimdal WatchKit App.app in Resources */ = {isa = PBXBuildFile; fileRef = 770A63281B68D0BB001D7987 /* Heimdal WatchKit App.app */; };
		770A63311B68D0BB001D7987 /* Interface.storyboard in Resources */ = {isa = PBXBuildFile; fileRef = 770A632F1B68D0BB001D7987 /* Interface.storyboard */; };
		770A63331B68D0BB001D7987 /* Images.xcassets in Resources */ = {isa = PBXBuildFile; fileRef = 770A63321B68D0BB001D7987 /* Images.xcassets */; };
		770A63361B68D0BB001D7987 /* Heimdal WatchKit Extension.appex in Embed App Extensions */ = {isa = PBXBuildFile; fileRef = 770A631E1B68D0BB001D7987 /* Heimdal WatchKit Extension.appex */; settings = {ATTRIBUTES = (RemoveHeadersOnCopy, ); }; };
		77AE272B1B4149020059C66F /* NotificationCenter.framework in Frameworks */ = {isa = PBXBuildFile; fileRef = 77AE272A1B4149020059C66F /* NotificationCenter.framework */; };
		77AE27311B4149020059C66F /* TodayViewController.m in Sources */ = {isa = PBXBuildFile; fileRef = 77AE27301B4149020059C66F /* TodayViewController.m */; };
		77AE27331B4149020059C66F /* MainInterface.storyboard in Resources */ = {isa = PBXBuildFile; fileRef = 77AE27321B4149020059C66F /* MainInterface.storyboard */; };
		77AE27361B4149020059C66F /* Heimdal Widget.appex in Embed App Extensions */ = {isa = PBXBuildFile; fileRef = 77AE27281B4149020059C66F /* Heimdal Widget.appex */; settings = {ATTRIBUTES = (RemoveHeadersOnCopy, ); }; };
		77AE273B1B414DB00059C66F /* BLE.m in Sources */ = {isa = PBXBuildFile; fileRef = E3AC85C01B1892A700E961A0 /* BLE.m */; };
		77C47D331B6B7B8000488FA3 /* ConnectionManager.m in Sources */ = {isa = PBXBuildFile; fileRef = 77C47D321B6B7B8000488FA3 /* ConnectionManager.m */; };
		77C47D341B6B7B8000488FA3 /* ConnectionManager.m in Sources */ = {isa = PBXBuildFile; fileRef = 77C47D321B6B7B8000488FA3 /* ConnectionManager.m */; };
		77C47D351B6B7B8000488FA3 /* ConnectionManager.m in Sources */ = {isa = PBXBuildFile; fileRef = 77C47D321B6B7B8000488FA3 /* ConnectionManager.m */; };
		77D4E0F91B68E35200D20DBD /* BLE.m in Sources */ = {isa = PBXBuildFile; fileRef = E3AC85C01B1892A700E961A0 /* BLE.m */; };
		E332A9541B20BAB3006821BF /* Heimdal.jpg in Resources */ = {isa = PBXBuildFile; fileRef = E332A9531B20BAB3006821BF /* Heimdal.jpg */; };
		E3AC85C21B1892A700E961A0 /* BLE.m in Sources */ = {isa = PBXBuildFile; fileRef = E3AC85C01B1892A700E961A0 /* BLE.m */; };
		E3AC85C41B18934600E961A0 /* CoreBluetooth.framework in Frameworks */ = {isa = PBXBuildFile; fileRef = E3AC85C31B18934600E961A0 /* CoreBluetooth.framework */; };
		E3CB65251B18D00400E5B451 /* AppDelegate.m in Sources */ = {isa = PBXBuildFile; fileRef = E3CB65191B18D00400E5B451 /* AppDelegate.m */; };
		E3CB65261B18D00400E5B451 /* LaunchScreen.xib in Resources */ = {isa = PBXBuildFile; fileRef = E3CB651A1B18D00400E5B451 /* LaunchScreen.xib */; };
		E3CB65271B18D00400E5B451 /* Main.storyboard in Resources */ = {isa = PBXBuildFile; fileRef = E3CB651C1B18D00400E5B451 /* Main.storyboard */; };
		E3CB65291B18D00400E5B451 /* Images.xcassets in Resources */ = {isa = PBXBuildFile; fileRef = E3CB65201B18D00400E5B451 /* Images.xcassets */; };
		E3CB652B1B18D00400E5B451 /* main.m in Sources */ = {isa = PBXBuildFile; fileRef = E3CB65221B18D00400E5B451 /* main.m */; };
		E3CB652C1B18D00400E5B451 /* ConnectViewController.m in Sources */ = {isa = PBXBuildFile; fileRef = E3CB65241B18D00400E5B451 /* ConnectViewController.m */; };
/* End PBXBuildFile section */

/* Begin PBXContainerItemProxy section */
		770A632A1B68D0BB001D7987 /* PBXContainerItemProxy */ = {
			isa = PBXContainerItemProxy;
			containerPortal = E3BE24111B1888EC00EAAFEA /* Project object */;
			proxyType = 1;
			remoteGlobalIDString = 770A63271B68D0BB001D7987;
			remoteInfo = "Heimdal WatchKit App";
		};
		770A63341B68D0BB001D7987 /* PBXContainerItemProxy */ = {
			isa = PBXContainerItemProxy;
			containerPortal = E3BE24111B1888EC00EAAFEA /* Project object */;
			proxyType = 1;
			remoteGlobalIDString = 770A631D1B68D0BB001D7987;
			remoteInfo = "Heimdal WatchKit Extension";
		};
		77AE27341B4149020059C66F /* PBXContainerItemProxy */ = {
			isa = PBXContainerItemProxy;
			containerPortal = E3BE24111B1888EC00EAAFEA /* Project object */;
			proxyType = 1;
			remoteGlobalIDString = 77AE27271B4149020059C66F;
			remoteInfo = "Heimdal Widget";
		};
/* End PBXContainerItemProxy section */

/* Begin PBXCopyFilesBuildPhase section */
		77AE273A1B4149020059C66F /* Embed App Extensions */ = {
			isa = PBXCopyFilesBuildPhase;
			buildActionMask = 2147483647;
			dstPath = "";
			dstSubfolderSpec = 13;
			files = (
				770A63361B68D0BB001D7987 /* Heimdal WatchKit Extension.appex in Embed App Extensions */,
				77AE27361B4149020059C66F /* Heimdal Widget.appex in Embed App Extensions */,
			);
			name = "Embed App Extensions";
			runOnlyForDeploymentPostprocessing = 0;
		};
/* End PBXCopyFilesBuildPhase section */

/* Begin PBXFileReference section */
		770A631E1B68D0BB001D7987 /* Heimdal WatchKit Extension.appex */ = {isa = PBXFileReference; explicitFileType = "wrapper.app-extension"; includeInIndex = 0; path = "Heimdal WatchKit Extension.appex"; sourceTree = BUILT_PRODUCTS_DIR; };
		770A63211B68D0BB001D7987 /* Info.plist */ = {isa = PBXFileReference; lastKnownFileType = text.plist.xml; path = Info.plist; sourceTree = "<group>"; };
		770A63221B68D0BB001D7987 /* InterfaceController.swift */ = {isa = PBXFileReference; lastKnownFileType = sourcecode.swift; path = InterfaceController.swift; sourceTree = "<group>"; };
		770A63241B68D0BB001D7987 /* Images.xcassets */ = {isa = PBXFileReference; lastKnownFileType = folder.assetcatalog; path = Images.xcassets; sourceTree = "<group>"; };
		770A63281B68D0BB001D7987 /* Heimdal WatchKit App.app */ = {isa = PBXFileReference; explicitFileType = wrapper.application; includeInIndex = 0; path = "Heimdal WatchKit App.app"; sourceTree = BUILT_PRODUCTS_DIR; };
		770A632E1B68D0BB001D7987 /* Info.plist */ = {isa = PBXFileReference; lastKnownFileType = text.plist.xml; path = Info.plist; sourceTree = "<group>"; };
		770A63301B68D0BB001D7987 /* Base */ = {isa = PBXFileReference; lastKnownFileType = file.storyboard; name = Base; path = Base.lproj/Interface.storyboard; sourceTree = "<group>"; };
		770A63321B68D0BB001D7987 /* Images.xcassets */ = {isa = PBXFileReference; lastKnownFileType = folder.assetcatalog; path = Images.xcassets; sourceTree = "<group>"; };
		770A633E1B68D2E6001D7987 /* Heimdal-Bridging-Header.h */ = {isa = PBXFileReference; lastKnownFileType = sourcecode.c.h; path = "Heimdal-Bridging-Header.h"; sourceTree = SOURCE_ROOT; };
		77AE27281B4149020059C66F /* Heimdal Widget.appex */ = {isa = PBXFileReference; explicitFileType = "wrapper.app-extension"; includeInIndex = 0; path = "Heimdal Widget.appex"; sourceTree = BUILT_PRODUCTS_DIR; };
		77AE272A1B4149020059C66F /* NotificationCenter.framework */ = {isa = PBXFileReference; lastKnownFileType = wrapper.framework; name = NotificationCenter.framework; path = System/Library/Frameworks/NotificationCenter.framework; sourceTree = SDKROOT; };
		77AE272E1B4149020059C66F /* Info.plist */ = {isa = PBXFileReference; lastKnownFileType = text.plist.xml; path = Info.plist; sourceTree = "<group>"; };
		77AE272F1B4149020059C66F /* TodayViewController.h */ = {isa = PBXFileReference; lastKnownFileType = sourcecode.c.h; path = TodayViewController.h; sourceTree = "<group>"; };
		77AE27301B4149020059C66F /* TodayViewController.m */ = {isa = PBXFileReference; lastKnownFileType = sourcecode.c.objc; path = TodayViewController.m; sourceTree = "<group>"; };
		77AE27321B4149020059C66F /* MainInterface.storyboard */ = {isa = PBXFileReference; lastKnownFileType = file.storyboard; path = MainInterface.storyboard; sourceTree = "<group>"; };
		77C47D311B6B7B8000488FA3 /* ConnectionManager.h */ = {isa = PBXFileReference; fileEncoding = 4; lastKnownFileType = sourcecode.c.h; path = ConnectionManager.h; sourceTree = "<group>"; };
		77C47D321B6B7B8000488FA3 /* ConnectionManager.m */ = {isa = PBXFileReference; fileEncoding = 4; lastKnownFileType = sourcecode.c.objc; path = ConnectionManager.m; sourceTree = "<group>"; };
		E332A9531B20BAB3006821BF /* Heimdal.jpg */ = {isa = PBXFileReference; lastKnownFileType = image.jpeg; path = Heimdal.jpg; sourceTree = "<group>"; };
		E3AC85BF1B1892A700E961A0 /* BLE.h */ = {isa = PBXFileReference; fileEncoding = 4; lastKnownFileType = sourcecode.c.h; path = BLE.h; sourceTree = "<group>"; };
		E3AC85C01B1892A700E961A0 /* BLE.m */ = {isa = PBXFileReference; fileEncoding = 4; lastKnownFileType = sourcecode.c.objc; path = BLE.m; sourceTree = "<group>"; };
		E3AC85C11B1892A700E961A0 /* BLEDefines.h */ = {isa = PBXFileReference; fileEncoding = 4; lastKnownFileType = sourcecode.c.h; path = BLEDefines.h; sourceTree = "<group>"; };
		E3AC85C31B18934600E961A0 /* CoreBluetooth.framework */ = {isa = PBXFileReference; lastKnownFileType = wrapper.framework; name = CoreBluetooth.framework; path = System/Library/Frameworks/CoreBluetooth.framework; sourceTree = SDKROOT; };
		E3BE24191B1888EC00EAAFEA /* Heimdal.app */ = {isa = PBXFileReference; explicitFileType = wrapper.application; includeInIndex = 0; path = Heimdal.app; sourceTree = BUILT_PRODUCTS_DIR; };
		E3CB65181B18D00400E5B451 /* AppDelegate.h */ = {isa = PBXFileReference; fileEncoding = 4; lastKnownFileType = sourcecode.c.h; path = AppDelegate.h; sourceTree = "<group>"; };
		E3CB65191B18D00400E5B451 /* AppDelegate.m */ = {isa = PBXFileReference; fileEncoding = 4; lastKnownFileType = sourcecode.c.objc; path = AppDelegate.m; sourceTree = "<group>"; };
		E3CB651B1B18D00400E5B451 /* Base */ = {isa = PBXFileReference; lastKnownFileType = file.xib; name = Base; path = Base.lproj/LaunchScreen.xib; sourceTree = "<group>"; };
		E3CB651D1B18D00400E5B451 /* Base */ = {isa = PBXFileReference; lastKnownFileType = file.storyboard; name = Base; path = Base.lproj/Main.storyboard; sourceTree = "<group>"; };
		E3CB65201B18D00400E5B451 /* Images.xcassets */ = {isa = PBXFileReference; lastKnownFileType = folder.assetcatalog; path = Images.xcassets; sourceTree = "<group>"; };
		E3CB65211B18D00400E5B451 /* Info.plist */ = {isa = PBXFileReference; fileEncoding = 4; lastKnownFileType = text.plist.xml; path = Info.plist; sourceTree = "<group>"; };
		E3CB65221B18D00400E5B451 /* main.m */ = {isa = PBXFileReference; fileEncoding = 4; lastKnownFileType = sourcecode.c.objc; path = main.m; sourceTree = "<group>"; };
		E3CB65231B18D00400E5B451 /* ConnectViewController.h */ = {isa = PBXFileReference; fileEncoding = 4; lastKnownFileType = sourcecode.c.h; path = ConnectViewController.h; sourceTree = "<group>"; };
		E3CB65241B18D00400E5B451 /* ConnectViewController.m */ = {isa = PBXFileReference; fileEncoding = 4; lastKnownFileType = sourcecode.c.objc; path = ConnectViewController.m; sourceTree = "<group>"; };
/* End PBXFileReference section */

/* Begin PBXFrameworksBuildPhase section */
		770A631B1B68D0BB001D7987 /* Frameworks */ = {
			isa = PBXFrameworksBuildPhase;
			buildActionMask = 2147483647;
			files = (
			);
			runOnlyForDeploymentPostprocessing = 0;
		};
		77AE27251B4149020059C66F /* Frameworks */ = {
			isa = PBXFrameworksBuildPhase;
			buildActionMask = 2147483647;
			files = (
				77AE272B1B4149020059C66F /* NotificationCenter.framework in Frameworks */,
			);
			runOnlyForDeploymentPostprocessing = 0;
		};
		E3BE24161B1888EC00EAAFEA /* Frameworks */ = {
			isa = PBXFrameworksBuildPhase;
			buildActionMask = 2147483647;
			files = (
				E3AC85C41B18934600E961A0 /* CoreBluetooth.framework in Frameworks */,
			);
			runOnlyForDeploymentPostprocessing = 0;
		};
/* End PBXFrameworksBuildPhase section */

/* Begin PBXGroup section */
		770A631F1B68D0BB001D7987 /* Heimdal WatchKit Extension */ = {
			isa = PBXGroup;
			children = (
				770A63221B68D0BB001D7987 /* InterfaceController.swift */,
				770A63241B68D0BB001D7987 /* Images.xcassets */,
				770A63201B68D0BB001D7987 /* Supporting Files */,
			);
			path = "Heimdal WatchKit Extension";
			sourceTree = "<group>";
		};
		770A63201B68D0BB001D7987 /* Supporting Files */ = {
			isa = PBXGroup;
			children = (
				770A63211B68D0BB001D7987 /* Info.plist */,
			);
			name = "Supporting Files";
			sourceTree = "<group>";
		};
		770A632C1B68D0BB001D7987 /* Heimdal WatchKit App */ = {
			isa = PBXGroup;
			children = (
				770A632F1B68D0BB001D7987 /* Interface.storyboard */,
				770A63321B68D0BB001D7987 /* Images.xcassets */,
				770A632D1B68D0BB001D7987 /* Supporting Files */,
			);
			path = "Heimdal WatchKit App";
			sourceTree = "<group>";
		};
		770A632D1B68D0BB001D7987 /* Supporting Files */ = {
			isa = PBXGroup;
			children = (
				770A632E1B68D0BB001D7987 /* Info.plist */,
			);
			name = "Supporting Files";
			sourceTree = "<group>";
		};
		773DDBDA1B67A32D00223C34 /* Supporting Files */ = {
			isa = PBXGroup;
			children = (
				770A633E1B68D2E6001D7987 /* Heimdal-Bridging-Header.h */,
				E3CB651A1B18D00400E5B451 /* LaunchScreen.xib */,
				E3CB65201B18D00400E5B451 /* Images.xcassets */,
				E332A9531B20BAB3006821BF /* Heimdal.jpg */,
				E3CB65211B18D00400E5B451 /* Info.plist */,
				E3CB65221B18D00400E5B451 /* main.m */,
			);
			name = "Supporting Files";
			sourceTree = "<group>";
		};
		77AE27291B4149020059C66F /* Frameworks */ = {
			isa = PBXGroup;
			children = (
				E3AC85C31B18934600E961A0 /* CoreBluetooth.framework */,
				E3AC85BE1B1892A700E961A0 /* BLE */,
				77AE272A1B4149020059C66F /* NotificationCenter.framework */,
			);
			name = Frameworks;
			sourceTree = "<group>";
		};
		77AE272C1B4149020059C66F /* Heimdal Widget */ = {
			isa = PBXGroup;
			children = (
				77AE272F1B4149020059C66F /* TodayViewController.h */,
				77AE27301B4149020059C66F /* TodayViewController.m */,
				77AE27321B4149020059C66F /* MainInterface.storyboard */,
				77AE272D1B4149020059C66F /* Supporting Files */,
			);
			path = "Heimdal Widget";
			sourceTree = "<group>";
		};
		77AE272D1B4149020059C66F /* Supporting Files */ = {
			isa = PBXGroup;
			children = (
				77AE272E1B4149020059C66F /* Info.plist */,
			);
			name = "Supporting Files";
			sourceTree = "<group>";
		};
		77C47D2B1B6B661200488FA3 /* ConnectionManager */ = {
			isa = PBXGroup;
			children = (
				77C47D311B6B7B8000488FA3 /* ConnectionManager.h */,
				77C47D321B6B7B8000488FA3 /* ConnectionManager.m */,
			);
			name = ConnectionManager;
			sourceTree = "<group>";
		};
		E3AC85BE1B1892A700E961A0 /* BLE */ = {
			isa = PBXGroup;
			children = (
				E3AC85BF1B1892A700E961A0 /* BLE.h */,
				E3AC85C01B1892A700E961A0 /* BLE.m */,
				E3AC85C11B1892A700E961A0 /* BLEDefines.h */,
			);
			path = BLE;
			sourceTree = "<group>";
		};
		E3BE24101B1888EC00EAAFEA = {
			isa = PBXGroup;
			children = (
				77C47D2B1B6B661200488FA3 /* ConnectionManager */,
				E3CB65171B18D00400E5B451 /* Heimdal */,
				77AE272C1B4149020059C66F /* Heimdal Widget */,
				770A631F1B68D0BB001D7987 /* Heimdal WatchKit Extension */,
				770A632C1B68D0BB001D7987 /* Heimdal WatchKit App */,
				77AE27291B4149020059C66F /* Frameworks */,
				E3BE241A1B1888EC00EAAFEA /* Products */,
			);
			sourceTree = "<group>";
		};
		E3BE241A1B1888EC00EAAFEA /* Products */ = {
			isa = PBXGroup;
			children = (
				E3BE24191B1888EC00EAAFEA /* Heimdal.app */,
				77AE27281B4149020059C66F /* Heimdal Widget.appex */,
				770A631E1B68D0BB001D7987 /* Heimdal WatchKit Extension.appex */,
				770A63281B68D0BB001D7987 /* Heimdal WatchKit App.app */,
			);
			name = Products;
			sourceTree = "<group>";
		};
		E3CB65171B18D00400E5B451 /* Heimdal */ = {
			isa = PBXGroup;
			children = (
				E3CB65181B18D00400E5B451 /* AppDelegate.h */,
				E3CB65191B18D00400E5B451 /* AppDelegate.m */,
				E3CB651C1B18D00400E5B451 /* Main.storyboard */,
				E3CB65231B18D00400E5B451 /* ConnectViewController.h */,
				E3CB65241B18D00400E5B451 /* ConnectViewController.m */,
				773DDBDA1B67A32D00223C34 /* Supporting Files */,
			);
			path = Heimdal;
			sourceTree = "<group>";
		};
/* End PBXGroup section */

/* Begin PBXNativeTarget section */
		770A631D1B68D0BB001D7987 /* Heimdal WatchKit Extension */ = {
			isa = PBXNativeTarget;
			buildConfigurationList = 770A633C1B68D0BC001D7987 /* Build configuration list for PBXNativeTarget "Heimdal WatchKit Extension" */;
			buildPhases = (
				770A631A1B68D0BB001D7987 /* Sources */,
				770A631B1B68D0BB001D7987 /* Frameworks */,
				770A631C1B68D0BB001D7987 /* Resources */,
			);
			buildRules = (
			);
			dependencies = (
				770A632B1B68D0BB001D7987 /* PBXTargetDependency */,
			);
			name = "Heimdal WatchKit Extension";
			productName = "Heimdal WatchKit Extension";
			productReference = 770A631E1B68D0BB001D7987 /* Heimdal WatchKit Extension.appex */;
			productType = "com.apple.product-type.watchkit-extension";
		};
		770A63271B68D0BB001D7987 /* Heimdal WatchKit App */ = {
			isa = PBXNativeTarget;
			buildConfigurationList = 770A633B1B68D0BC001D7987 /* Build configuration list for PBXNativeTarget "Heimdal WatchKit App" */;
			buildPhases = (
				770A63261B68D0BB001D7987 /* Resources */,
			);
			buildRules = (
			);
			dependencies = (
			);
			name = "Heimdal WatchKit App";
			productName = "Heimdal WatchKit App";
			productReference = 770A63281B68D0BB001D7987 /* Heimdal WatchKit App.app */;
			productType = "com.apple.product-type.application.watchapp";
		};
		77AE27271B4149020059C66F /* Heimdal Widget */ = {
			isa = PBXNativeTarget;
			buildConfigurationList = 77AE27391B4149020059C66F /* Build configuration list for PBXNativeTarget "Heimdal Widget" */;
			buildPhases = (
				77AE27241B4149020059C66F /* Sources */,
				77AE27251B4149020059C66F /* Frameworks */,
				77AE27261B4149020059C66F /* Resources */,
			);
			buildRules = (
			);
			dependencies = (
			);
			name = "Heimdal Widget";
			productName = "Heimdal Widget";
			productReference = 77AE27281B4149020059C66F /* Heimdal Widget.appex */;
			productType = "com.apple.product-type.app-extension";
		};
		E3BE24181B1888EC00EAAFEA /* Heimdal */ = {
			isa = PBXNativeTarget;
			buildConfigurationList = E3BE243C1B1888ED00EAAFEA /* Build configuration list for PBXNativeTarget "Heimdal" */;
			buildPhases = (
				E3BE24151B1888EC00EAAFEA /* Sources */,
				E3BE24161B1888EC00EAAFEA /* Frameworks */,
				E3BE24171B1888EC00EAAFEA /* Resources */,
				77AE273A1B4149020059C66F /* Embed App Extensions */,
			);
			buildRules = (
			);
			dependencies = (
				77AE27351B4149020059C66F /* PBXTargetDependency */,
				770A63351B68D0BB001D7987 /* PBXTargetDependency */,
			);
			name = Heimdal;
			productName = Heimdal_iOS;
			productReference = E3BE24191B1888EC00EAAFEA /* Heimdal.app */;
			productType = "com.apple.product-type.application";
		};
/* End PBXNativeTarget section */

/* Begin PBXProject section */
		E3BE24111B1888EC00EAAFEA /* Project object */ = {
			isa = PBXProject;
			attributes = {
				LastUpgradeCheck = 0700;
				ORGANIZATIONNAME = "Eralp Karaduman";
				TargetAttributes = {
					770A631D1B68D0BB001D7987 = {
						CreatedOnToolsVersion = 6.4;
						DevelopmentTeam = W9875NV3WF;
					};
					770A63271B68D0BB001D7987 = {
						CreatedOnToolsVersion = 6.4;
						DevelopmentTeam = W9875NV3WF;
					};
					77AE27271B4149020059C66F = {
						CreatedOnToolsVersion = 6.3.2;
						DevelopmentTeam = W9875NV3WF;
					};
					E3BE24181B1888EC00EAAFEA = {
						CreatedOnToolsVersion = 6.3.1;
						DevelopmentTeam = W9875NV3WF;
					};
				};
			};
			buildConfigurationList = E3BE24141B1888EC00EAAFEA /* Build configuration list for PBXProject "Heimdal" */;
			compatibilityVersion = "Xcode 3.2";
			developmentRegion = English;
			hasScannedForEncodings = 0;
			knownRegions = (
				en,
				Base,
			);
			mainGroup = E3BE24101B1888EC00EAAFEA;
			productRefGroup = E3BE241A1B1888EC00EAAFEA /* Products */;
			projectDirPath = "";
			projectRoot = "";
			targets = (
				E3BE24181B1888EC00EAAFEA /* Heimdal */,
				77AE27271B4149020059C66F /* Heimdal Widget */,
				770A631D1B68D0BB001D7987 /* Heimdal WatchKit Extension */,
				770A63271B68D0BB001D7987 /* Heimdal WatchKit App */,
			);
		};
/* End PBXProject section */

/* Begin PBXResourcesBuildPhase section */
		770A631C1B68D0BB001D7987 /* Resources */ = {
			isa = PBXResourcesBuildPhase;
			buildActionMask = 2147483647;
			files = (
				770A63251B68D0BB001D7987 /* Images.xcassets in Resources */,
				770A63291B68D0BB001D7987 /* Heimdal WatchKit App.app in Resources */,
			);
			runOnlyForDeploymentPostprocessing = 0;
		};
		770A63261B68D0BB001D7987 /* Resources */ = {
			isa = PBXResourcesBuildPhase;
			buildActionMask = 2147483647;
			files = (
				770A63311B68D0BB001D7987 /* Interface.storyboard in Resources */,
				770A63331B68D0BB001D7987 /* Images.xcassets in Resources */,
			);
			runOnlyForDeploymentPostprocessing = 0;
		};
		77AE27261B4149020059C66F /* Resources */ = {
			isa = PBXResourcesBuildPhase;
			buildActionMask = 2147483647;
			files = (
				77AE27331B4149020059C66F /* MainInterface.storyboard in Resources */,
			);
			runOnlyForDeploymentPostprocessing = 0;
		};
		E3BE24171B1888EC00EAAFEA /* Resources */ = {
			isa = PBXResourcesBuildPhase;
			buildActionMask = 2147483647;
			files = (
				E332A9541B20BAB3006821BF /* Heimdal.jpg in Resources */,
				E3CB65261B18D00400E5B451 /* LaunchScreen.xib in Resources */,
				E3CB65271B18D00400E5B451 /* Main.storyboard in Resources */,
				E3CB65291B18D00400E5B451 /* Images.xcassets in Resources */,
			);
			runOnlyForDeploymentPostprocessing = 0;
		};
/* End PBXResourcesBuildPhase section */

/* Begin PBXSourcesBuildPhase section */
		770A631A1B68D0BB001D7987 /* Sources */ = {
			isa = PBXSourcesBuildPhase;
			buildActionMask = 2147483647;
			files = (
				77D4E0F91B68E35200D20DBD /* BLE.m in Sources */,
				77C47D351B6B7B8000488FA3 /* ConnectionManager.m in Sources */,
				770A63231B68D0BB001D7987 /* InterfaceController.swift in Sources */,
			);
			runOnlyForDeploymentPostprocessing = 0;
		};
		77AE27241B4149020059C66F /* Sources */ = {
			isa = PBXSourcesBuildPhase;
			buildActionMask = 2147483647;
			files = (
				77AE27311B4149020059C66F /* TodayViewController.m in Sources */,
				77C47D341B6B7B8000488FA3 /* ConnectionManager.m in Sources */,
				77AE273B1B414DB00059C66F /* BLE.m in Sources */,
			);
			runOnlyForDeploymentPostprocessing = 0;
		};
		E3BE24151B1888EC00EAAFEA /* Sources */ = {
			isa = PBXSourcesBuildPhase;
			buildActionMask = 2147483647;
			files = (
				E3CB652C1B18D00400E5B451 /* ConnectViewController.m in Sources */,
				E3CB65251B18D00400E5B451 /* AppDelegate.m in Sources */,
				E3CB652B1B18D00400E5B451 /* main.m in Sources */,
				77C47D331B6B7B8000488FA3 /* ConnectionManager.m in Sources */,
				E3AC85C21B1892A700E961A0 /* BLE.m in Sources */,
			);
			runOnlyForDeploymentPostprocessing = 0;
		};
/* End PBXSourcesBuildPhase section */

/* Begin PBXTargetDependency section */
		770A632B1B68D0BB001D7987 /* PBXTargetDependency */ = {
			isa = PBXTargetDependency;
			target = 770A63271B68D0BB001D7987 /* Heimdal WatchKit App */;
			targetProxy = 770A632A1B68D0BB001D7987 /* PBXContainerItemProxy */;
		};
		770A63351B68D0BB001D7987 /* PBXTargetDependency */ = {
			isa = PBXTargetDependency;
			target = 770A631D1B68D0BB001D7987 /* Heimdal WatchKit Extension */;
			targetProxy = 770A63341B68D0BB001D7987 /* PBXContainerItemProxy */;
		};
		77AE27351B4149020059C66F /* PBXTargetDependency */ = {
			isa = PBXTargetDependency;
			target = 77AE27271B4149020059C66F /* Heimdal Widget */;
			targetProxy = 77AE27341B4149020059C66F /* PBXContainerItemProxy */;
		};
/* End PBXTargetDependency section */

/* Begin PBXVariantGroup section */
		770A632F1B68D0BB001D7987 /* Interface.storyboard */ = {
			isa = PBXVariantGroup;
			children = (
				770A63301B68D0BB001D7987 /* Base */,
			);
			name = Interface.storyboard;
			sourceTree = "<group>";
		};
		E3CB651A1B18D00400E5B451 /* LaunchScreen.xib */ = {
			isa = PBXVariantGroup;
			children = (
				E3CB651B1B18D00400E5B451 /* Base */,
			);
			name = LaunchScreen.xib;
			sourceTree = "<group>";
		};
		E3CB651C1B18D00400E5B451 /* Main.storyboard */ = {
			isa = PBXVariantGroup;
			children = (
				E3CB651D1B18D00400E5B451 /* Base */,
			);
			name = Main.storyboard;
			sourceTree = "<group>";
		};
/* End PBXVariantGroup section */

/* Begin XCBuildConfiguration section */
		770A63371B68D0BC001D7987 /* Debug */ = {
			isa = XCBuildConfiguration;
			buildSettings = {
				CODE_SIGN_IDENTITY = "iPhone Developer";
				"CODE_SIGN_IDENTITY[sdk=iphoneos*]" = "iPhone Developer: Taylan Pince (3NP8F5275C)";
				GCC_PREPROCESSOR_DEFINITIONS = (
					"DEBUG=1",
					"$(inherited)",
				);
				INFOPLIST_FILE = "Heimdal WatchKit Extension/Info.plist";
				LD_RUNPATH_SEARCH_PATHS = "$(inherited) @executable_path/Frameworks @executable_path/../../Frameworks";
				PRODUCT_NAME = "${TARGET_NAME}";
				"PROVISIONING_PROFILE[sdk=*]" = "dc14f25a-6bb4-4510-a577-eac475f05e9f";
				SKIP_INSTALL = YES;
				SWIFT_OPTIMIZATION_LEVEL = "-Onone";
			};
			name = Debug;
		};
		770A63381B68D0BC001D7987 /* Release */ = {
			isa = XCBuildConfiguration;
			buildSettings = {
				CODE_SIGN_IDENTITY = "iPhone Developer";
				"CODE_SIGN_IDENTITY[sdk=iphoneos*]" = "iPhone Distribution: Hippo Foundry Inc. (W9875NV3WF)";
				INFOPLIST_FILE = "Heimdal WatchKit Extension/Info.plist";
				LD_RUNPATH_SEARCH_PATHS = "$(inherited) @executable_path/Frameworks @executable_path/../../Frameworks";
				PRODUCT_NAME = "${TARGET_NAME}";
				"PROVISIONING_PROFILE[sdk=*]" = "162f58b1-a7aa-49c2-9901-807deba93d62";
				SKIP_INSTALL = YES;
			};
			name = Release;
		};
		770A63391B68D0BC001D7987 /* Debug */ = {
			isa = XCBuildConfiguration;
			buildSettings = {
				ASSETCATALOG_COMPILER_APPICON_NAME = AppIcon;
				CODE_SIGN_IDENTITY = "iPhone Developer";
				"CODE_SIGN_IDENTITY[sdk=iphoneos*]" = "iPhone Developer: Taylan Pince (3NP8F5275C)";
				GCC_PREPROCESSOR_DEFINITIONS = (
					"DEBUG=1",
					"$(inherited)",
				);
				IBSC_MODULE = Heimdal_WatchKit_Extension;
				INFOPLIST_FILE = "Heimdal WatchKit App/Info.plist";
				IPHONEOS_DEPLOYMENT_TARGET = 8.2;
				PRODUCT_NAME = "$(TARGET_NAME)";
				PROVISIONING_PROFILE = "";
				"PROVISIONING_PROFILE[sdk=*]" = "bf0be191-9dd2-4606-9d26-c4523003067c";
				SKIP_INSTALL = YES;
				TARGETED_DEVICE_FAMILY = 4;
				"TARGETED_DEVICE_FAMILY[sdk=iphonesimulator*]" = "1,4";
			};
			name = Debug;
		};
		770A633A1B68D0BC001D7987 /* Release */ = {
			isa = XCBuildConfiguration;
			buildSettings = {
				ASSETCATALOG_COMPILER_APPICON_NAME = AppIcon;
				CODE_SIGN_IDENTITY = "iPhone Developer";
				"CODE_SIGN_IDENTITY[sdk=iphoneos*]" = "iPhone Developer";
				IBSC_MODULE = Heimdal_WatchKit_Extension;
				INFOPLIST_FILE = "Heimdal WatchKit App/Info.plist";
				IPHONEOS_DEPLOYMENT_TARGET = 8.2;
				PRODUCT_NAME = "$(TARGET_NAME)";
				PROVISIONING_PROFILE = "";
				"PROVISIONING_PROFILE[sdk=*]" = "648deedc-5845-4921-910f-d9a31337050e";
				SKIP_INSTALL = YES;
				TARGETED_DEVICE_FAMILY = 4;
				"TARGETED_DEVICE_FAMILY[sdk=iphonesimulator*]" = "1,4";
			};
			name = Release;
		};
		77AE27371B4149020059C66F /* Debug */ = {
			isa = XCBuildConfiguration;
			buildSettings = {
				CODE_SIGN_IDENTITY = "iPhone Developer";
				"CODE_SIGN_IDENTITY[sdk=iphoneos*]" = "iPhone Developer: Taylan Pince (3NP8F5275C)";
				GCC_PREPROCESSOR_DEFINITIONS = (
					"DEBUG=1",
					"$(inherited)",
				);
				INFOPLIST_FILE = "Heimdal Widget/Info.plist";
				IPHONEOS_DEPLOYMENT_TARGET = 8.2;
				LD_RUNPATH_SEARCH_PATHS = "$(inherited) @executable_path/Frameworks @executable_path/../../Frameworks";
				PRODUCT_NAME = "$(TARGET_NAME)";
				PROVISIONING_PROFILE = "";
				"PROVISIONING_PROFILE[sdk=*]" = "ccc914fc-a63e-4591-b186-c7982a84caba";
				SKIP_INSTALL = YES;
			};
			name = Debug;
		};
		77AE27381B4149020059C66F /* Release */ = {
			isa = XCBuildConfiguration;
			buildSettings = {
				CODE_SIGN_IDENTITY = "iPhone Developer";
				"CODE_SIGN_IDENTITY[sdk=iphoneos*]" = "iPhone Distribution: Hippo Foundry Inc. (W9875NV3WF)";
				INFOPLIST_FILE = "Heimdal Widget/Info.plist";
				IPHONEOS_DEPLOYMENT_TARGET = 8.2;
				LD_RUNPATH_SEARCH_PATHS = "$(inherited) @executable_path/Frameworks @executable_path/../../Frameworks";
				PRODUCT_NAME = "$(TARGET_NAME)";
				PROVISIONING_PROFILE = "";
				"PROVISIONING_PROFILE[sdk=*]" = "1a5151c6-99e9-45b3-afd5-2430d5920f9b";
				SKIP_INSTALL = YES;
			};
			name = Release;
		};
		E3BE243A1B1888ED00EAAFEA /* Debug */ = {
			isa = XCBuildConfiguration;
			buildSettings = {
				ALWAYS_SEARCH_USER_PATHS = NO;
				CLANG_CXX_LANGUAGE_STANDARD = "gnu++0x";
				CLANG_CXX_LIBRARY = "libc++";
				CLANG_ENABLE_MODULES = YES;
				CLANG_ENABLE_OBJC_ARC = YES;
				CLANG_WARN_BOOL_CONVERSION = YES;
				CLANG_WARN_CONSTANT_CONVERSION = YES;
				CLANG_WARN_DIRECT_OBJC_ISA_USAGE = YES_ERROR;
				CLANG_WARN_EMPTY_BODY = YES;
				CLANG_WARN_ENUM_CONVERSION = YES;
				CLANG_WARN_INT_CONVERSION = YES;
				CLANG_WARN_OBJC_ROOT_CLASS = YES_ERROR;
				CLANG_WARN_UNREACHABLE_CODE = YES;
				CLANG_WARN__DUPLICATE_METHOD_MATCH = YES;
				CODE_SIGN_IDENTITY = "iPhone Distribution";
				"CODE_SIGN_IDENTITY[sdk=iphoneos*]" = "iPhone Developer";
				COPY_PHASE_STRIP = NO;
				DEBUG_INFORMATION_FORMAT = "dwarf-with-dsym";
				EMBEDDED_CONTENT_CONTAINS_SWIFT = YES;
				ENABLE_STRICT_OBJC_MSGSEND = YES;
				ENABLE_TESTABILITY = YES;
				GCC_C_LANGUAGE_STANDARD = gnu99;
				GCC_DYNAMIC_NO_PIC = NO;
				GCC_NO_COMMON_BLOCKS = YES;
				GCC_OPTIMIZATION_LEVEL = 0;
				GCC_PREPROCESSOR_DEFINITIONS = (
					"DEBUG=1",
					"$(inherited)",
				);
				GCC_SYMBOLS_PRIVATE_EXTERN = NO;
				GCC_WARN_64_TO_32_BIT_CONVERSION = YES;
				GCC_WARN_ABOUT_RETURN_TYPE = YES_ERROR;
				GCC_WARN_UNDECLARED_SELECTOR = YES;
				GCC_WARN_UNINITIALIZED_AUTOS = YES_AGGRESSIVE;
				GCC_WARN_UNUSED_FUNCTION = YES;
				GCC_WARN_UNUSED_VARIABLE = YES;
				IPHONEOS_DEPLOYMENT_TARGET = 8.2;
				MTL_ENABLE_DEBUG_INFO = YES;
				ONLY_ACTIVE_ARCH = YES;
				SDKROOT = iphoneos;
				"SWIFT_OBJC_BRIDGING_HEADER[arch=*]" = "Heimdal-Bridging-Header.h";
			};
			name = Debug;
		};
		E3BE243B1B1888ED00EAAFEA /* Release */ = {
			isa = XCBuildConfiguration;
			buildSettings = {
				ALWAYS_SEARCH_USER_PATHS = NO;
				CLANG_CXX_LANGUAGE_STANDARD = "gnu++0x";
				CLANG_CXX_LIBRARY = "libc++";
				CLANG_ENABLE_MODULES = YES;
				CLANG_ENABLE_OBJC_ARC = YES;
				CLANG_WARN_BOOL_CONVERSION = YES;
				CLANG_WARN_CONSTANT_CONVERSION = YES;
				CLANG_WARN_DIRECT_OBJC_ISA_USAGE = YES_ERROR;
				CLANG_WARN_EMPTY_BODY = YES;
				CLANG_WARN_ENUM_CONVERSION = YES;
				CLANG_WARN_INT_CONVERSION = YES;
				CLANG_WARN_OBJC_ROOT_CLASS = YES_ERROR;
				CLANG_WARN_UNREACHABLE_CODE = YES;
				CLANG_WARN__DUPLICATE_METHOD_MATCH = YES;
				CODE_SIGN_IDENTITY = "iPhone Distribution";
				"CODE_SIGN_IDENTITY[sdk=iphoneos*]" = "iPhone Developer";
				COPY_PHASE_STRIP = NO;
				DEBUG_INFORMATION_FORMAT = "dwarf-with-dsym";
				EMBEDDED_CONTENT_CONTAINS_SWIFT = YES;
				ENABLE_NS_ASSERTIONS = NO;
				ENABLE_STRICT_OBJC_MSGSEND = YES;
				GCC_C_LANGUAGE_STANDARD = gnu99;
				GCC_NO_COMMON_BLOCKS = YES;
				GCC_WARN_64_TO_32_BIT_CONVERSION = YES;
				GCC_WARN_ABOUT_RETURN_TYPE = YES_ERROR;
				GCC_WARN_UNDECLARED_SELECTOR = YES;
				GCC_WARN_UNINITIALIZED_AUTOS = YES_AGGRESSIVE;
				GCC_WARN_UNUSED_FUNCTION = YES;
				GCC_WARN_UNUSED_VARIABLE = YES;
				IPHONEOS_DEPLOYMENT_TARGET = 8.2;
				MTL_ENABLE_DEBUG_INFO = NO;
				SDKROOT = iphoneos;
				"SWIFT_OBJC_BRIDGING_HEADER[arch=*]" = "Heimdal-Bridging-Header.h";
				VALIDATE_PRODUCT = YES;
			};
			name = Release;
		};
		E3BE243D1B1888ED00EAAFEA /* Debug */ = {
			isa = XCBuildConfiguration;
			buildSettings = {
				ASSETCATALOG_COMPILER_APPICON_NAME = "AppIcon-1";
				CODE_SIGN_IDENTITY = "iPhone Developer";
				"CODE_SIGN_IDENTITY[sdk=iphoneos*]" = "iPhone Developer: Taylan Pince (3NP8F5275C)";
				FRAMEWORK_SEARCH_PATHS = (
					"$(inherited)",
					"$(PROJECT_DIR)",
				);
				INFOPLIST_FILE = Heimdal/Info.plist;
				IPHONEOS_DEPLOYMENT_TARGET = 8.2;
				LD_RUNPATH_SEARCH_PATHS = "$(inherited) @executable_path/Frameworks";
				PRODUCT_NAME = Heimdal;
				PROVISIONING_PROFILE = "";
				"PROVISIONING_PROFILE[sdk=*]" = "0697793b-0de1-47e6-bdfb-37bf5f1c7607";
			};
			name = Debug;
		};
		E3BE243E1B1888ED00EAAFEA /* Release */ = {
			isa = XCBuildConfiguration;
			buildSettings = {
				ASSETCATALOG_COMPILER_APPICON_NAME = "AppIcon-1";
				CODE_SIGN_IDENTITY = "iPhone Developer";
				"CODE_SIGN_IDENTITY[sdk=iphoneos*]" = "iPhone Developer";
				FRAMEWORK_SEARCH_PATHS = (
					"$(inherited)",
					"$(PROJECT_DIR)",
				);
				INFOPLIST_FILE = Heimdal/Info.plist;
				IPHONEOS_DEPLOYMENT_TARGET = 8.2;
				LD_RUNPATH_SEARCH_PATHS = "$(inherited) @executable_path/Frameworks";
				PRODUCT_NAME = Heimdal;
				PROVISIONING_PROFILE = "";
				"PROVISIONING_PROFILE[sdk=*]" = "9b990330-74b0-41db-b431-d5c8304aa276";
			};
			name = Release;
		};
/* End XCBuildConfiguration section */

/* Begin XCConfigurationList section */
		770A633B1B68D0BC001D7987 /* Build configuration list for PBXNativeTarget "Heimdal WatchKit App" */ = {
			isa = XCConfigurationList;
			buildConfigurations = (
				770A63391B68D0BC001D7987 /* Debug */,
				770A633A1B68D0BC001D7987 /* Release */,
			);
			defaultConfigurationIsVisible = 0;
			defaultConfigurationName = Release;
		};
		770A633C1B68D0BC001D7987 /* Build configuration list for PBXNativeTarget "Heimdal WatchKit Extension" */ = {
			isa = XCConfigurationList;
			buildConfigurations = (
				770A63371B68D0BC001D7987 /* Debug */,
				770A63381B68D0BC001D7987 /* Release */,
			);
			defaultConfigurationIsVisible = 0;
			defaultConfigurationName = Release;
		};
		77AE27391B4149020059C66F /* Build configuration list for PBXNativeTarget "Heimdal Widget" */ = {
			isa = XCConfigurationList;
			buildConfigurations = (
				77AE27371B4149020059C66F /* Debug */,
				77AE27381B4149020059C66F /* Release */,
			);
			defaultConfigurationIsVisible = 0;
			defaultConfigurationName = Release;
		};
		E3BE24141B1888EC00EAAFEA /* Build configuration list for PBXProject "Heimdal" */ = {
			isa = XCConfigurationList;
			buildConfigurations = (
				E3BE243A1B1888ED00EAAFEA /* Debug */,
				E3BE243B1B1888ED00EAAFEA /* Release */,
			);
			defaultConfigurationIsVisible = 0;
			defaultConfigurationName = Release;
		};
		E3BE243C1B1888ED00EAAFEA /* Build configuration list for PBXNativeTarget "Heimdal" */ = {
			isa = XCConfigurationList;
			buildConfigurations = (
				E3BE243D1B1888ED00EAAFEA /* Debug */,
				E3BE243E1B1888ED00EAAFEA /* Release */,
			);
			defaultConfigurationIsVisible = 0;
			defaultConfigurationName = Release;
		};
/* End XCConfigurationList section */
	};
	rootObject = E3BE24111B1888EC00EAAFEA /* Project object */;
}
